
Microsoft Visual Studio Solution File, Format Version 12.00
# Visual Studio Version 16
VisualStudioVersion = 16.0.31205.134
MinimumVisualStudioVersion = 10.0.40219.1
Project("{FAE04EC0-301F-11D3-BF4B-00C04F79EFBC}") = "DapperMVCCRUD", "DapperMVCCRUD.csproj", "{FF232C71-3222-4B5A-BA06-25CAC2B565A0}"
EndProject
Global
	GlobalSection(SolutionConfigurationPlatforms) = preSolution
		Debug|Any CPU = Debug|Any CPU
		Release|Any CPU = Release|Any CPU
	EndGlobalSection
	GlobalSection(ProjectConfigurationPlatforms) = postSolution
		{FF232C71-3222-4B5A-BA06-25CAC2B565A0}.Debug|Any CPU.ActiveCfg = Debug|Any CPU
		{FF232C71-3222-4B5A-BA06-25CAC2B565A0}.Debug|Any CPU.Build.0 = Debug|Any CPU
		{FF232C71-3222-4B5A-BA06-25CAC2B565A0}.Release|Any CPU.ActiveCfg = Release|Any CPU
		{FF232C71-3222-4B5A-BA06-25CAC2B565A0}.Release|Any CPU.Build.0 = Release|Any CPU
	EndGlobalSection
	GlobalSection(SolutionProperties) = preSolution
		HideSolutionNode = FALSE
	EndGlobalSection
	GlobalSection(ExtensibilityGlobals) = postSolution
		SolutionGuid = {4DDED0B6-F700-43DE-998B-63CF3F101881}
	EndGlobalSection
EndGlobal
